
Microsoft Visual Studio Solution File, Format Version 12.00
# Visual Studio Version 17
VisualStudioVersion = 17.10.34916.146
MinimumVisualStudioVersion = 10.0.40219.1
Project("{FAE04EC0-301F-11D3-BF4B-00C04F79EFBC}") = "StudentPortal.Web", "StudentPortal.Web\StudentPortal.Web.csproj", "{8AF80AB2-A977-4A3B-A886-45F2AF8DD665}"
EndProject
Global
	GlobalSection(SolutionConfigurationPlatforms) = preSolution
		Debug|Any CPU = Debug|Any CPU
		Release|Any CPU = Release|Any CPU
	EndGlobalSection
	GlobalSection(ProjectConfigurationPlatforms) = postSolution
		{8AF80AB2-A977-4A3B-A886-45F2AF8DD665}.Debug|Any CPU.ActiveCfg = Debug|Any CPU
		{8AF80AB2-A977-4A3B-A886-45F2AF8DD665}.Debug|Any CPU.Build.0 = Debug|Any CPU
		{8AF80AB2-A977-4A3B-A886-45F2AF8DD665}.Release|Any CPU.ActiveCfg = Release|Any CPU
		{8AF80AB2-A977-4A3B-A886-45F2AF8DD665}.Release|Any CPU.Build.0 = Release|Any CPU
	EndGlobalSection
	GlobalSection(SolutionProperties) = preSolution
		HideSolutionNode = FALSE
	EndGlobalSection
	GlobalSection(ExtensibilityGlobals) = postSolution
		SolutionGuid = {2F8FF422-2014-4935-8D6E-D0BEDB42DE68}
	EndGlobalSection
EndGlobal
